
Microsoft Visual Studio Solution File, Format Version 12.00
# Visual Studio 15
VisualStudioVersion = 15.0.27130.2036
MinimumVisualStudioVersion = 10.0.40219.1
Project("{FAE04EC0-301F-11D3-BF4B-00C04F79EFBC}") = "Project_O0001_ColorGrid", "Project_O0001_ColorGrid\Project_O0001_ColorGrid.csproj", "{D71500BB-E321-422F-8C9C-2AAA099AD6E1}"
EndProject
Global
	GlobalSection(SolutionConfigurationPlatforms) = preSolution
		Debug|Any CPU = Debug|Any CPU
		Release|Any CPU = Release|Any CPU
	EndGlobalSection
	GlobalSection(ProjectConfigurationPlatforms) = postSolution
		{D71500BB-E321-422F-8C9C-2AAA099AD6E1}.Debug|Any CPU.ActiveCfg = Debug|Any CPU
		{D71500BB-E321-422F-8C9C-2AAA099AD6E1}.Debug|Any CPU.Build.0 = Debug|Any CPU
		{D71500BB-E321-422F-8C9C-2AAA099AD6E1}.Release|Any CPU.ActiveCfg = Release|Any CPU
		{D71500BB-E321-422F-8C9C-2AAA099AD6E1}.Release|Any CPU.Build.0 = Release|Any CPU
	EndGlobalSection
	GlobalSection(SolutionProperties) = preSolution
		HideSolutionNode = FALSE
	EndGlobalSection
	GlobalSection(ExtensibilityGlobals) = postSolution
		SolutionGuid = {BCA4DD3F-9C04-4A83-9E3A-1D70D294D566}
	EndGlobalSection
EndGlobal
